
Microsoft Visual Studio Solution File, Format Version 12.00
# Visual Studio Version 16
VisualStudioVersion = 16.0.30413.136
MinimumVisualStudioVersion = 10.0.40219.1
Project("{FAE04EC0-301F-11D3-BF4B-00C04F79EFBC}") = "Graphics Lab7", "Graphics Lab7\Graphics Lab7.csproj", "{42CB6254-15A8-4ED3-9725-2B3354904C0B}"
EndProject
Global
	GlobalSection(SolutionConfigurationPlatforms) = preSolution
		Debug|Any CPU = Debug|Any CPU
		Release|Any CPU = Release|Any CPU
	EndGlobalSection
	GlobalSection(ProjectConfigurationPlatforms) = postSolution
		{42CB6254-15A8-4ED3-9725-2B3354904C0B}.Debug|Any CPU.ActiveCfg = Debug|Any CPU
		{42CB6254-15A8-4ED3-9725-2B3354904C0B}.Debug|Any CPU.Build.0 = Debug|Any CPU
		{42CB6254-15A8-4ED3-9725-2B3354904C0B}.Release|Any CPU.ActiveCfg = Release|Any CPU
		{42CB6254-15A8-4ED3-9725-2B3354904C0B}.Release|Any CPU.Build.0 = Release|Any CPU
	EndGlobalSection
	GlobalSection(SolutionProperties) = preSolution
		HideSolutionNode = FALSE
	EndGlobalSection
	GlobalSection(ExtensibilityGlobals) = postSolution
		SolutionGuid = {FCBDEB73-0454-4EAE-92C1-D6B5E47C4991}
	EndGlobalSection
EndGlobal
